
Microsoft Visual Studio Solution File, Format Version 12.00
# Visual Studio 15
VisualStudioVersion = 15.0.26730.16
MinimumVisualStudioVersion = 10.0.40219.1
Project("{FAE04EC0-301F-11D3-BF4B-00C04F79EFBC}") = "CodeTrack.Plugins", "CodeTrack.Plugins.csproj", "{A4A3E662-C48B-4B34-BB25-B89E47234895}"
EndProject
Global
	GlobalSection(SolutionConfigurationPlatforms) = preSolution
		Debug|Any CPU = Debug|Any CPU
		Release|Any CPU = Release|Any CPU
	EndGlobalSection
	GlobalSection(ProjectConfigurationPlatforms) = postSolution
		{A4A3E662-C48B-4B34-BB25-B89E47234895}.Debug|Any CPU.ActiveCfg = Debug|Any CPU
		{A4A3E662-C48B-4B34-BB25-B89E47234895}.Debug|Any CPU.Build.0 = Debug|Any CPU
		{A4A3E662-C48B-4B34-BB25-B89E47234895}.Release|Any CPU.ActiveCfg = Release|Any CPU
		{A4A3E662-C48B-4B34-BB25-B89E47234895}.Release|Any CPU.Build.0 = Release|Any CPU
	EndGlobalSection
	GlobalSection(SolutionProperties) = preSolution
		HideSolutionNode = FALSE
	EndGlobalSection
	GlobalSection(ExtensibilityGlobals) = postSolution
		SolutionGuid = {563C3C21-2CC0-41EB-AABA-6C5A6F57BFFB}
	EndGlobalSection
EndGlobal
